{
  "version": 4,
  "terraform_version": "1.9.5",
  "serial": 99,
  "lineage": "0d3f2410-ed84-1cb0-cd97-0ee0775cab81",
  "outputs": {},
  "resources": [
    {
      "mode": "managed",
      "type": "aws_ecr_repository",
      "name": "backend",
      "provider": "provider[\"registry.terraform.io/hashicorp/aws\"]",
      "instances": [
        {
          "schema_version": 0,
          "attributes": {
            "arn": "arn:aws:ecr:us-east-1:907849381252:repository/mental-health-app-backend",
            "encryption_configuration": [
              {
                "encryption_type": "AES256",
                "kms_key": ""
              }
            ],
            "force_delete": null,
            "id": "mental-health-app-backend",
            "image_scanning_configuration": [
              {
                "scan_on_push": false
              }
            ],
            "image_tag_mutability": "MUTABLE",
            "name": "mental-health-app-backend",
            "registry_id": "907849381252",
            "repository_url": "907849381252.dkr.ecr.us-east-1.amazonaws.com/mental-health-app-backend",
            "tags": {
              "Name": "mental-health-app-backend"
            },
            "tags_all": {
              "Name": "mental-health-app-backend"
            },
            "timeouts": null
          },
          "sensitive_attributes": [],
          "private": "eyJlMmJmYjczMC1lY2FhLTExZTYtOGY4OC0zNDM2M2JjN2M0YzAiOnsiZGVsZXRlIjoxMjAwMDAwMDAwMDAwfX0="
        }
      ]
    },
    {
      "mode": "managed",
      "type": "aws_ecr_repository",
      "name": "frontend",
      "provider": "provider[\"registry.terraform.io/hashicorp/aws\"]",
      "instances": [
        {
          "schema_version": 0,
          "attributes": {
            "arn": "arn:aws:ecr:us-east-1:907849381252:repository/mental-health-app-frontend",
            "encryption_configuration": [
              {
                "encryption_type": "AES256",
                "kms_key": ""
              }
            ],
            "force_delete": null,
            "id": "mental-health-app-frontend",
            "image_scanning_configuration": [
              {
                "scan_on_push": false
              }
            ],
            "image_tag_mutability": "MUTABLE",
            "name": "mental-health-app-frontend",
            "registry_id": "907849381252",
            "repository_url": "907849381252.dkr.ecr.us-east-1.amazonaws.com/mental-health-app-frontend",
            "tags": {
              "Name": "mental-health-app-frontend"
            },
            "tags_all": {
              "Name": "mental-health-app-frontend"
            },
            "timeouts": null
          },
          "sensitive_attributes": [],
          "private": "eyJlMmJmYjczMC1lY2FhLTExZTYtOGY4OC0zNDM2M2JjN2M0YzAiOnsiZGVsZXRlIjoxMjAwMDAwMDAwMDAwfX0="
        }
      ]
    }
  ],
  "check_results": [
    {
      "object_kind": "var",
      "config_addr": "var.certificate_arn",
      "status": "unknown",
      "objects": [
        {
          "object_addr": "var.certificate_arn",
          "status": "unknown"
        }
      ]
    }
  ]
}
